{
  "name": "testsite",
  "version": "1.0.0",
  "lockfileVersion": 1,
  "requires": true,
  "dependencies": {
    "@hpcc-js/api": {
      "version": "2.8.2",
      "resolved": "https://registry.npmjs.org/@hpcc-js/api/-/api-2.8.2.tgz",
      "integrity": "sha512-aQkiWbFzCz1wADuW9xLAJ/+iNJl4w252H189J92u0n+L96cmAOoXKJ8VS3t95Pl0+XMVM7MG/IsERIH1X6EZwQ==",
      "requires": {
        "@hpcc-js/common": "^2.19.2"
      }
    },
    "@hpcc-js/common": {
      "version": "2.19.2",
      "resolved": "https://registry.npmjs.org/@hpcc-js/common/-/common-2.19.2.tgz",
      "integrity": "sha512-JfRd6e7z2P0dibo0mlC+J9DQpkzw0kwLN6HKfFGkjoImt+FbSLoP4pC4WQEVnk4as4Fs0mzeZK9IY46aIYTuCA==",
      "requires": {
        "@hpcc-js/util": "^2.8.2",
        "@types/d3-array": "1.2.6",
        "@types/d3-brush": "1.0.10",
        "@types/d3-collection": "1.0.8",
        "@types/d3-color": "1.2.2",
        "@types/d3-dispatch": "1.0.7",
        "@types/d3-drag": "1.2.3",
        "@types/d3-dsv": "1.0.36",
        "@types/d3-ease": "1.0.8",
        "@types/d3-format": "1.3.1",
        "@types/d3-interpolate": "1.3.1",
        "@types/d3-scale": "1.0.14",
        "@types/d3-selection": "1.4.1",
        "@types/d3-time-format": "2.1.1",
        "@types/d3-transition": "1.1.4",
        "@types/d3-zoom": "1.7.4"
      }
    },
    "@hpcc-js/ddl-shim": {
      "version": "2.13.2",
      "resolved": "https://registry.npmjs.org/@hpcc-js/ddl-shim/-/ddl-shim-2.13.2.tgz",
      "integrity": "sha512-OAPYwcA3sk45aTISqujKdO94EIK+CWpFTf8kQqR9HyYaOrsFdTClKGwTzGPc9YUCqlYmC1laeW588+sVyk4PwQ==",
      "requires": {
        "ajv": "6.10.0"
      }
    },
    "@hpcc-js/dgrid": {
      "version": "2.6.2",
      "resolved": "https://registry.npmjs.org/@hpcc-js/dgrid/-/dgrid-2.6.2.tgz",
      "integrity": "sha512-ZDJJjZQTVBtm+YoauWJMnD6teW8VGR/+kxg5Jewhd2qrlREXP1UQFsOh0YlxIg/26ZT5HDPX9IUYhnRj4gg03A==",
      "requires": {
        "@hpcc-js/common": "^2.19.2",
        "@hpcc-js/ddl-shim": "^2.13.2",
        "@hpcc-js/dgrid-shim": "^2.11.2",
        "@hpcc-js/util": "^2.8.2"
      }
    },
    "@hpcc-js/dgrid-shim": {
      "version": "2.11.2",
      "resolved": "https://registry.npmjs.org/@hpcc-js/dgrid-shim/-/dgrid-shim-2.11.2.tgz",
      "integrity": "sha512-zKsmU2mCdBsqqgn/2mn6yZovfsiB2QW+W9CX8iF3Z0y5u+gWDo9I9M1ZvauIWkO9fR63DHMF2uRUzkgZEw8HVg=="
    },
    "@hpcc-js/graph": {
      "version": "2.10.2",
      "resolved": "https://registry.npmjs.org/@hpcc-js/graph/-/graph-2.10.2.tgz",
      "integrity": "sha512-P+zZMgCEqmPrnNNnURIs8LqH0YQf5h4xO27XJgxwDiV486YopUoBtrFjhK1GTcfhrWkApkIheMgiUVbawLc4AQ==",
      "requires": {
        "@hpcc-js/api": "^2.8.2",
        "@hpcc-js/common": "^2.19.2"
      }
    },
    "@hpcc-js/layout": {
      "version": "2.15.1",
      "resolved": "https://registry.npmjs.org/@hpcc-js/layout/-/layout-2.15.1.tgz",
      "integrity": "sha512-k46Cv1XSVqJ6oOEq/gaS4uWkuhS7zYx5fA62JgrBu/Nhk6V8HSuaMCRnierFd4orLAwIlMWG+XPNoa7LwZMNvA==",
      "requires": {
        "@hpcc-js/api": "^2.8.2",
        "@hpcc-js/common": "^2.19.2",
        "@hpcc-js/dgrid": "^2.6.2"
      }
    },
    "@hpcc-js/leaflet-shim": {
      "version": "2.1.1",
      "resolved": "https://registry.npmjs.org/@hpcc-js/leaflet-shim/-/leaflet-shim-2.1.1.tgz",
      "integrity": "sha512-uKQJ7fOFeDv3au9G9CmdMXBIbu7ZRZawoXeYx9ZD0RVfVZnODXxnTGnUnzl4XAdmn70Ksg5+F25mk1Dd0gAOcA==",
      "requires": {
        "@types/leaflet": "1.5.1",
        "leaflet": "1.5.1",
        "leaflet.gridlayer.googlemutant": "github:GordonSmith/Leaflet.GridLayer.GoogleMutant#master"
      }
    },
    "@hpcc-js/map": {
      "version": "2.11.1",
      "resolved": "https://registry.npmjs.org/@hpcc-js/map/-/map-2.11.1.tgz",
      "integrity": "sha512-kxbf8erwX069k2uvJbtOqDVc1jDIpK9xneI8Yn3QzSMwrBnPFPqpw4Om7NjJktqyDqaGPyOZ6eomhzBRtXKtug==",
      "requires": {
        "@hpcc-js/api": "^2.8.2",
        "@hpcc-js/common": "^2.19.2",
        "@hpcc-js/graph": "^2.10.2",
        "@hpcc-js/layout": "^2.15.1",
        "@hpcc-js/leaflet-shim": "^2.1.1",
        "@hpcc-js/other": "^2.13.2",
        "@hpcc-js/util": "^2.8.2"
      }
    },
    "@hpcc-js/other": {
      "version": "2.13.2",
      "resolved": "https://registry.npmjs.org/@hpcc-js/other/-/other-2.13.2.tgz",
      "integrity": "sha512-ghH/HskDUe8ZItjSEwlaODNpBwyOrtQIpxdGlcxeXzf6fZ+pknpuge0Xw/Oj4BCJr4akVOjle/2980wtX5UwJQ==",
      "requires": {
        "@hpcc-js/api": "^2.8.2",
        "@hpcc-js/common": "^2.19.2",
        "@hpcc-js/layout": "^2.15.1"
      }
    },
    "@hpcc-js/util": {
      "version": "2.8.2",
      "resolved": "https://registry.npmjs.org/@hpcc-js/util/-/util-2.8.2.tgz",
      "integrity": "sha512-ImTOYU4M3Ds71weMJhuXlM0btNbJ1292MbCH/ACKssGLqnlhDr3eFfAbQsKal+PLREu6tPcK6e41U9FaDzpf5Q=="
    },
    "@types/d3-array": {
      "version": "1.2.6",
      "resolved": "https://registry.npmjs.org/@types/d3-array/-/d3-array-1.2.6.tgz",
      "integrity": "sha512-/EcY/15X5tnwkMT2txpjiLUNJj5xHA2vGHOXI8NTYGhETK914RRLQLjNm6EpAI1D2IY5vh3CzuLODnqBAwKjPA=="
    },
    "@types/d3-brush": {
      "version": "1.0.10",
      "resolved": "https://registry.npmjs.org/@types/d3-brush/-/d3-brush-1.0.10.tgz",
      "integrity": "sha512-J8jREATIrfJaAfhJivqaEKPnJsRlwwrOPje+ABqZFgamADjll+q9zaDXnYyjiGPPsiJEU+Qq9jQi5rECxIOfhg==",
      "requires": {
        "@types/d3-selection": "*"
      }
    },
    "@types/d3-collection": {
      "version": "1.0.8",
      "resolved": "https://registry.npmjs.org/@types/d3-collection/-/d3-collection-1.0.8.tgz",
      "integrity": "sha512-y5lGlazdc0HNO0F3UUX2DPE7OmYvd9Kcym4hXwrJcNUkDaypR5pX+apuMikl9LfTxKItJsY9KYvzBulpCKyvuQ=="
    },
    "@types/d3-color": {
      "version": "1.2.2",
      "resolved": "https://registry.npmjs.org/@types/d3-color/-/d3-color-1.2.2.tgz",
      "integrity": "sha512-6pBxzJ8ZP3dYEQ4YjQ+NVbQaOflfgXq/JbDiS99oLobM2o72uAST4q6yPxHv6FOTCRC/n35ktuo8pvw/S4M7sw=="
    },
    "@types/d3-dispatch": {
      "version": "1.0.7",
      "resolved": "https://registry.npmjs.org/@types/d3-dispatch/-/d3-dispatch-1.0.7.tgz",
      "integrity": "sha512-M+z84G7UKwK6hEPnGCSccOg8zJ3Nk2hgDQ9sCstHXgsFU0sMxlIZVKqKB5oxUDbALqQG6ucg0G9e8cmOSlishg=="
    },
    "@types/d3-drag": {
      "version": "1.2.3",
      "resolved": "https://registry.npmjs.org/@types/d3-drag/-/d3-drag-1.2.3.tgz",
      "integrity": "sha512-rWB5SPvkYVxW3sqUxHOJUZwifD0KqvKwvt1bhNqcLpW6Azsd0BJgRNcyVW8GAferaAk5r8dzeZnf9zKlg9+xMQ==",
      "requires": {
        "@types/d3-selection": "*"
      }
    },
    "@types/d3-dsv": {
      "version": "1.0.36",
      "resolved": "https://registry.npmjs.org/@types/d3-dsv/-/d3-dsv-1.0.36.tgz",
      "integrity": "sha512-jbIWQ27QJcBNMZbQv0NSQMHnBDCmxghAxePxgyiPH1XPCRkOsTBei7jcdi3fDrUCGpCV3lKrSZFSlOkhUQVClA=="
    },
    "@types/d3-ease": {
      "version": "1.0.8",
      "resolved": "https://registry.npmjs.org/@types/d3-ease/-/d3-ease-1.0.8.tgz",
      "integrity": "sha512-VRf8czVWHSJPoUWxMunzpePK02//wHDAswknU8QWzcyrQn6pqe46bHRYi2smSpw5VjsT2CG8k/QeWIdWPS3Bmg=="
    },
    "@types/d3-format": {
      "version": "1.3.1",
      "resolved": "https://registry.npmjs.org/@types/d3-format/-/d3-format-1.3.1.tgz",
      "integrity": "sha512-KAWvReOKMDreaAwOjdfQMm0HjcUMlQG47GwqdVKgmm20vTd2pucj0a70c3gUSHrnsmo6H2AMrkBsZU2UhJLq8A=="
    },
    "@types/d3-interpolate": {
      "version": "1.3.1",
      "resolved": "https://registry.npmjs.org/@types/d3-interpolate/-/d3-interpolate-1.3.1.tgz",
      "integrity": "sha512-z8Zmi08XVwe8e62vP6wcA+CNuRhpuUU5XPEfqpG0hRypDE5BWNthQHB1UNWWDB7ojCbGaN4qBdsWp5kWxhT1IQ==",
      "requires": {
        "@types/d3-color": "*"
      }
    },
    "@types/d3-scale": {
      "version": "1.0.14",
      "resolved": "https://registry.npmjs.org/@types/d3-scale/-/d3-scale-1.0.14.tgz",
      "integrity": "sha512-dW6Ii8bH+10klJzVVPPeeQvRpCbX3BO3x9cLTngu/+lXNDbk2uC51aFAA/XhocehZroaG5ajwAFelMFsgpClMg==",
      "requires": {
        "@types/d3-time": "*"
      }
    },
    "@types/d3-selection": {
      "version": "1.4.1",
      "resolved": "https://registry.npmjs.org/@types/d3-selection/-/d3-selection-1.4.1.tgz",
      "integrity": "sha512-bv8IfFYo/xG6dxri9OwDnK3yCagYPeRIjTlrcdYJSx+FDWlCeBDepIHUpqROmhPtZ53jyna0aUajZRk0I3rXNA=="
    },
    "@types/d3-time": {
      "version": "1.0.10",
      "resolved": "https://registry.npmjs.org/@types/d3-time/-/d3-time-1.0.10.tgz",
      "integrity": "sha512-aKf62rRQafDQmSiv1NylKhIMmznsjRN+MnXRXTqHoqm0U/UZzVpdrtRnSIfdiLS616OuC1soYeX1dBg2n1u8Xw=="
    },
    "@types/d3-time-format": {
      "version": "2.1.1",
      "resolved": "https://registry.npmjs.org/@types/d3-time-format/-/d3-time-format-2.1.1.tgz",
      "integrity": "sha512-tJSyXta8ZyJ52wDDHA96JEsvkbL6jl7wowGmuf45+fAkj5Y+SQOnz0N7/H68OWmPshPsAaWMQh+GAws44IzH3g=="
    },
    "@types/d3-transition": {
      "version": "1.1.4",
      "resolved": "https://registry.npmjs.org/@types/d3-transition/-/d3-transition-1.1.4.tgz",
      "integrity": "sha512-/vsmKVUIXEyCcIXYAlw7bnYkIs9/J/nZbptRJFKUN3FdXq/dF6j9z9xXzerkyU6TDHLrMrwx9eGwdKyTIy/j9w==",
      "requires": {
        "@types/d3-selection": "*"
      }
    },
    "@types/d3-zoom": {
      "version": "1.7.4",
      "resolved": "https://registry.npmjs.org/@types/d3-zoom/-/d3-zoom-1.7.4.tgz",
      "integrity": "sha512-5jnFo/itYhJeB2khO/lKe730kW/h2EbKMOvY0uNp3+7NdPm4w63DwPEMxifQZ7n902xGYK5DdU67FmToSoy4VA==",
      "requires": {
        "@types/d3-interpolate": "*",
        "@types/d3-selection": "*"
      }
    },
    "@types/geojson": {
      "version": "7946.0.7",
      "resolved": "https://registry.npmjs.org/@types/geojson/-/geojson-7946.0.7.tgz",
      "integrity": "sha512-wE2v81i4C4Ol09RtsWFAqg3BUitWbHSpSlIo+bNdsCJijO9sjme+zm+73ZMCa/qMC8UEERxzGbvmr1cffo2SiQ=="
    },
    "@types/leaflet": {
      "version": "1.5.1",
      "resolved": "https://registry.npmjs.org/@types/leaflet/-/leaflet-1.5.1.tgz",
      "integrity": "sha512-E5k+vyE2Tv9wQsO6ZsEy08Pjd8RjHPkCzz3Ubt7feMc+5+VkbXtcZMcciczRWuMN5rFIsVywLxRhvTp7fAbbzg==",
      "requires": {
        "@types/geojson": "*"
      }
    },
    "ajv": {
      "version": "6.10.0",
      "resolved": "https://registry.npmjs.org/ajv/-/ajv-6.10.0.tgz",
      "integrity": "sha512-nffhOpkymDECQyR0mnsUtoCE8RlX38G0rYP+wgLWFyZuUyuuojSSvi/+euOiQBIn63whYwYVIIH1TvE3tu4OEg==",
      "requires": {
        "fast-deep-equal": "^2.0.1",
        "fast-json-stable-stringify": "^2.0.0",
        "json-schema-traverse": "^0.4.1",
        "uri-js": "^4.2.2"
      }
    },
    "fast-deep-equal": {
      "version": "2.0.1",
      "resolved": "https://registry.npmjs.org/fast-deep-equal/-/fast-deep-equal-2.0.1.tgz",
      "integrity": "sha1-ewUhjd+WZ79/Nwv3/bLLFf3Qqkk="
    },
    "fast-json-stable-stringify": {
      "version": "2.0.0",
      "resolved": "https://registry.npmjs.org/fast-json-stable-stringify/-/fast-json-stable-stringify-2.0.0.tgz",
      "integrity": "sha1-1RQsDK7msRifh9OnYREGT4bIu/I="
    },
    "json-schema-traverse": {
      "version": "0.4.1",
      "resolved": "https://registry.npmjs.org/json-schema-traverse/-/json-schema-traverse-0.4.1.tgz",
      "integrity": "sha512-xbbCH5dCYU5T8LcEhhuh7HJ88HXuW3qsI3Y0zOZFKfZEHcpWiHU/Jxzk629Brsab/mMiHQti9wMP+845RPe3Vg=="
    },
    "leaflet": {
      "version": "1.5.1",
      "resolved": "https://registry.npmjs.org/leaflet/-/leaflet-1.5.1.tgz",
      "integrity": "sha512-ekM9KAeG99tYisNBg0IzEywAlp0hYI5XRipsqRXyRTeuU8jcuntilpp+eFf5gaE0xubc9RuSNIVtByEKwqFV0w=="
    },
    "leaflet.gridlayer.googlemutant": {
      "version": "github:GordonSmith/Leaflet.GridLayer.GoogleMutant#76640a02252b784e3463c076a1ce1924682c270f",
      "from": "github:GordonSmith/Leaflet.GridLayer.GoogleMutant#master"
    },
    "punycode": {
      "version": "2.1.1",
      "resolved": "https://registry.npmjs.org/punycode/-/punycode-2.1.1.tgz",
      "integrity": "sha512-XRsRjdf+j5ml+y/6GKHPZbrF/8p2Yga0JPtdqTIY2Xe5ohJPD9saDJJLPvp9+NSBprVvevdXZybnj2cv8OEd0A=="
    },
    "uri-js": {
      "version": "4.2.2",
      "resolved": "https://registry.npmjs.org/uri-js/-/uri-js-4.2.2.tgz",
      "integrity": "sha512-KY9Frmirql91X2Qgjry0Wd4Y+YTdrdZheS8TFwvkbLWf/G5KNJDCh6pKL5OZctEW4+0Baa5idK2ZQuELRwPznQ==",
      "requires": {
        "punycode": "^2.1.0"
      }
    }
  }
}
